Microsoft Visual Studio Solution File, Format Version 12.00
# Visual Studio Version 18
VisualStudioVersion = 18.7.11925.98 stable
MinimumVisualStudioVersion = 10.0.40219.1
Project("{FAE04EC0-301F-11D3-BF4B-00C04F79EFBC}") = "Calculadora.WinForms", "Calculadora\Calculadora.WinForms\Calculadora.WinForms.csproj", "{7E633266-013D-4DCA-8E49-4D28E87BE376}"
EndProject
Project("{FAE04EC0-301F-11D3-BF4B-00C04F79EFBC}") = "Calculadora.Core", "Calculadora\Calculadora.Core\Calculadora.Core.csproj", "{15C171F5-7A08-4BBA-8CF1-3F788F6B4FE2}"
EndProject
Global
	GlobalSection(SolutionConfigurationPlatforms) = preSolution
		Debug|Any CPU = Debug|Any CPU
		Release|Any CPU = Release|Any CPU
	EndGlobalSection
	GlobalSection(ProjectConfigurationPlatforms) = postSolution
		{7E633266-013D-4DCA-8E49-4D28E87BE376}.Debug|Any CPU.ActiveCfg = Debug|Any CPU
		{7E633266-013D-4DCA-8E49-4D28E87BE376}.Debug|Any CPU.Build.0 = Debug|Any CPU
		{7E633266-013D-4DCA-8E49-4D28E87BE376}.Release|Any CPU.ActiveCfg = Release|Any CPU
		{7E633266-013D-4DCA-8E49-4D28E87BE376}.Release|Any CPU.Build.0 = Release|Any CPU
		{15C171F5-7A08-4BBA-8CF1-3F788F6B4FE2}.Debug|Any CPU.ActiveCfg = Debug|Any CPU
		{15C171F5-7A08-4BBA-8CF1-3F788F6B4FE2}.Debug|Any CPU.Build.0 = Debug|Any CPU
		{15C171F5-7A08-4BBA-8CF1-3F788F6B4FE2}.Release|Any CPU.ActiveCfg = Release|Any CPU
		{15C171F5-7A08-4BBA-8CF1-3F788F6B4FE2}.Release|Any CPU.Build.0 = Release|Any CPU
	EndGlobalSection
	GlobalSection(SolutionProperties) = preSolution
		HideSolutionNode = FALSE
	EndGlobalSection
EndGlobal
